
Microsoft Visual Studio Solution File, Format Version 12.00
# Visual Studio Version 17
VisualStudioVersion = 17.8.34330.188
MinimumVisualStudioVersion = 10.0.40219.1
Project("{FAE04EC0-301F-11D3-BF4B-00C04F79EFBC}") = "Tamrin  8 _Damdary_ A_Ayoubi", "Tamrin  8 _Damdary_ A_Ayoubi\Tamrin  8 _Damdary_ A_Ayoubi.csproj", "{744DD15F-0D56-4FC8-851E-5ABEF7A34073}"
EndProject
Global
	GlobalSection(SolutionConfigurationPlatforms) = preSolution
		Debug|Any CPU = Debug|Any CPU
		Release|Any CPU = Release|Any CPU
	EndGlobalSection
	GlobalSection(ProjectConfigurationPlatforms) = postSolution
		{744DD15F-0D56-4FC8-851E-5ABEF7A34073}.Debug|Any CPU.ActiveCfg = Debug|Any CPU
		{744DD15F-0D56-4FC8-851E-5ABEF7A34073}.Debug|Any CPU.Build.0 = Debug|Any CPU
		{744DD15F-0D56-4FC8-851E-5ABEF7A34073}.Release|Any CPU.ActiveCfg = Release|Any CPU
		{744DD15F-0D56-4FC8-851E-5ABEF7A34073}.Release|Any CPU.Build.0 = Release|Any CPU
	EndGlobalSection
	GlobalSection(SolutionProperties) = preSolution
		HideSolutionNode = FALSE
	EndGlobalSection
	GlobalSection(ExtensibilityGlobals) = postSolution
		SolutionGuid = {CFF5948A-EC9D-4A63-9A37-89DB19B8ABD1}
	EndGlobalSection
EndGlobal
